
Microsoft Visual Studio Solution File, Format Version 12.00
# Visual Studio Version 16
VisualStudioVersion = 16.0.31424.327
MinimumVisualStudioVersion = 10.0.40219.1
Project("{FAE04EC0-301F-11D3-BF4B-00C04F79EFBC}") = "CS205 07192021 Bulls and Cows", "CS205 07192021 Bulls and Cows\CS205 07192021 Bulls and Cows.csproj", "{C51C5670-5931-40BD-B0D4-A72234B539FF}"
EndProject
Global
	GlobalSection(SolutionConfigurationPlatforms) = preSolution
		Debug|Any CPU = Debug|Any CPU
		Debug|x64 = Debug|x64
		Release|Any CPU = Release|Any CPU
		Release|x64 = Release|x64
		Test|Any CPU = Test|Any CPU
		Test|x64 = Test|x64
	EndGlobalSection
	GlobalSection(ProjectConfigurationPlatforms) = postSolution
		{C51C5670-5931-40BD-B0D4-A72234B539FF}.Debug|Any CPU.ActiveCfg = Debug|Any CPU
		{C51C5670-5931-40BD-B0D4-A72234B539FF}.Debug|Any CPU.Build.0 = Debug|Any CPU
		{C51C5670-5931-40BD-B0D4-A72234B539FF}.Debug|x64.ActiveCfg = Debug|x64
		{C51C5670-5931-40BD-B0D4-A72234B539FF}.Debug|x64.Build.0 = Debug|x64
		{C51C5670-5931-40BD-B0D4-A72234B539FF}.Release|Any CPU.ActiveCfg = Release|Any CPU
		{C51C5670-5931-40BD-B0D4-A72234B539FF}.Release|Any CPU.Build.0 = Release|Any CPU
		{C51C5670-5931-40BD-B0D4-A72234B539FF}.Release|x64.ActiveCfg = Release|x64
		{C51C5670-5931-40BD-B0D4-A72234B539FF}.Release|x64.Build.0 = Release|x64
		{C51C5670-5931-40BD-B0D4-A72234B539FF}.Test|Any CPU.ActiveCfg = Test|Any CPU
		{C51C5670-5931-40BD-B0D4-A72234B539FF}.Test|Any CPU.Build.0 = Test|Any CPU
		{C51C5670-5931-40BD-B0D4-A72234B539FF}.Test|x64.ActiveCfg = Test|x64
		{C51C5670-5931-40BD-B0D4-A72234B539FF}.Test|x64.Build.0 = Test|x64
	EndGlobalSection
	GlobalSection(SolutionProperties) = preSolution
		HideSolutionNode = FALSE
	EndGlobalSection
	GlobalSection(ExtensibilityGlobals) = postSolution
		SolutionGuid = {454B89EF-0FFA-4576-B0C6-61026CFCF964}
	EndGlobalSection
EndGlobal
